
Microsoft Visual Studio Solution File, Format Version 12.00
# Visual Studio 2013
VisualStudioVersion = 12.0.31101.0
MinimumVisualStudioVersion = 10.0.40219.1
Project("{FAE04EC0-301F-11D3-BF4B-00C04F79EFBC}") = "FirstWebApp", "FirstWebApp\FirstWebApp.csproj", "{823AFBA9-51B3-4141-811F-D50C76FF9C0C}"
EndProject
Project("{00D1A9C2-B5F0-4AF3-8072-F6C62B433612}") = "FirstDatabase", "FirstDatabase\FirstDatabase.sqlproj", "{B840E38D-8F35-4882-BFAE-C166A8DF4602}"
EndProject
Project("{FAE04EC0-301F-11D3-BF4B-00C04F79EFBC}") = "Domain", "Domain\Domain.csproj", "{2B50B321-FD60-47E7-AE34-71B9342DE4F8}"
EndProject
Global
	GlobalSection(SolutionConfigurationPlatforms) = preSolution
		Debug|Any CPU = Debug|Any CPU
		Release|Any CPU = Release|Any CPU
	EndGlobalSection
	GlobalSection(ProjectConfigurationPlatforms) = postSolution
		{823AFBA9-51B3-4141-811F-D50C76FF9C0C}.Debug|Any CPU.ActiveCfg = Debug|Any CPU
		{823AFBA9-51B3-4141-811F-D50C76FF9C0C}.Debug|Any CPU.Build.0 = Debug|Any CPU
		{823AFBA9-51B3-4141-811F-D50C76FF9C0C}.Release|Any CPU.ActiveCfg = Release|Any CPU
		{823AFBA9-51B3-4141-811F-D50C76FF9C0C}.Release|Any CPU.Build.0 = Release|Any CPU
		{B840E38D-8F35-4882-BFAE-C166A8DF4602}.Debug|Any CPU.ActiveCfg = Debug|Any CPU
		{B840E38D-8F35-4882-BFAE-C166A8DF4602}.Debug|Any CPU.Build.0 = Debug|Any CPU
		{B840E38D-8F35-4882-BFAE-C166A8DF4602}.Debug|Any CPU.Deploy.0 = Debug|Any CPU
		{B840E38D-8F35-4882-BFAE-C166A8DF4602}.Release|Any CPU.ActiveCfg = Release|Any CPU
		{B840E38D-8F35-4882-BFAE-C166A8DF4602}.Release|Any CPU.Build.0 = Release|Any CPU
		{B840E38D-8F35-4882-BFAE-C166A8DF4602}.Release|Any CPU.Deploy.0 = Release|Any CPU
		{2B50B321-FD60-47E7-AE34-71B9342DE4F8}.Debug|Any CPU.ActiveCfg = Debug|Any CPU
		{2B50B321-FD60-47E7-AE34-71B9342DE4F8}.Debug|Any CPU.Build.0 = Debug|Any CPU
		{2B50B321-FD60-47E7-AE34-71B9342DE4F8}.Release|Any CPU.ActiveCfg = Release|Any CPU
		{2B50B321-FD60-47E7-AE34-71B9342DE4F8}.Release|Any CPU.Build.0 = Release|Any CPU
	EndGlobalSection
	GlobalSection(SolutionProperties) = preSolution
		HideSolutionNode = FALSE
	EndGlobalSection
EndGlobal
